
Microsoft Visual Studio Solution File, Format Version 12.00
# Visual Studio 2013
VisualStudioVersion = 12.0.31101.0
MinimumVisualStudioVersion = 10.0.40219.1
Project("{FAE04EC0-301F-11D3-BF4B-00C04F79EFBC}") = "Task1Log4NetExample", "Task1Log4NetExample\Task1Log4NetExample.csproj", "{EDCA72DD-2925-418C-AAEB-E896F4297651}"
EndProject
Project("{FAE04EC0-301F-11D3-BF4B-00C04F79EFBC}") = "Task2T4TemplateProject", "Task2T4TemplateProject\Task2T4TemplateProject.csproj", "{D481CBDD-FC41-44F7-8CC1-B2240D2C7CF6}"
EndProject
Global
	GlobalSection(SolutionConfigurationPlatforms) = preSolution
		Debug|Any CPU = Debug|Any CPU
		Release|Any CPU = Release|Any CPU
	EndGlobalSection
	GlobalSection(ProjectConfigurationPlatforms) = postSolution
		{EDCA72DD-2925-418C-AAEB-E896F4297651}.Debug|Any CPU.ActiveCfg = Debug|Any CPU
		{EDCA72DD-2925-418C-AAEB-E896F4297651}.Debug|Any CPU.Build.0 = Debug|Any CPU
		{EDCA72DD-2925-418C-AAEB-E896F4297651}.Release|Any CPU.ActiveCfg = Release|Any CPU
		{EDCA72DD-2925-418C-AAEB-E896F4297651}.Release|Any CPU.Build.0 = Release|Any CPU
		{D481CBDD-FC41-44F7-8CC1-B2240D2C7CF6}.Debug|Any CPU.ActiveCfg = Debug|Any CPU
		{D481CBDD-FC41-44F7-8CC1-B2240D2C7CF6}.Debug|Any CPU.Build.0 = Debug|Any CPU
		{D481CBDD-FC41-44F7-8CC1-B2240D2C7CF6}.Release|Any CPU.ActiveCfg = Release|Any CPU
		{D481CBDD-FC41-44F7-8CC1-B2240D2C7CF6}.Release|Any CPU.Build.0 = Release|Any CPU
	EndGlobalSection
	GlobalSection(SolutionProperties) = preSolution
		HideSolutionNode = FALSE
	EndGlobalSection
EndGlobal
